
Microsoft Visual Studio Solution File, Format Version 12.00
# Visual Studio Version 17
VisualStudioVersion = 17.4.33103.184
MinimumVisualStudioVersion = 10.0.40219.1
Project("{9A19103F-16F7-4668-BE54-9A1E7A4F7556}") = "GameLib.Core", "Runtime\GameLib.Core.csproj", "{ECE8E32C-3DEA-4EF3-97CF-634CF8A71826}"
EndProject
Global
	GlobalSection(SolutionConfigurationPlatforms) = preSolution
		Debug|Any CPU = Debug|Any CPU
		Release|Any CPU = Release|Any CPU
	EndGlobalSection
	GlobalSection(ProjectConfigurationPlatforms) = postSolution
		{ECE8E32C-3DEA-4EF3-97CF-634CF8A71826}.Debug|Any CPU.ActiveCfg = Debug|Any CPU
		{ECE8E32C-3DEA-4EF3-97CF-634CF8A71826}.Debug|Any CPU.Build.0 = Debug|Any CPU
		{ECE8E32C-3DEA-4EF3-97CF-634CF8A71826}.Release|Any CPU.ActiveCfg = Release|Any CPU
		{ECE8E32C-3DEA-4EF3-97CF-634CF8A71826}.Release|Any CPU.Build.0 = Release|Any CPU
	EndGlobalSection
	GlobalSection(SolutionProperties) = preSolution
		HideSolutionNode = FALSE
	EndGlobalSection
	GlobalSection(ExtensibilityGlobals) = postSolution
		SolutionGuid = {1E6F9024-20EB-409A-A9FE-A515A616FE25}
	EndGlobalSection
EndGlobal
